
Microsoft Visual Studio Solution File, Format Version 12.00
# Visual Studio 15
VisualStudioVersion = 15.0.33919.361
MinimumVisualStudioVersion = 10.0.40219.1
Project("{FAE04EC0-301F-11D3-BF4B-00C04F79EFBC}") = "SportTeamManagementApp", "SportTeamManagementApp\SportTeamManagementApp.csproj", "{AAEE38A3-B5CF-4CD7-9C1C-ABCB9C192C52}"
EndProject
Project("{FAE04EC0-301F-11D3-BF4B-00C04F79EFBC}") = "SportTeamManagementApp.Data", "SportTeamManagementApp.Data\SportTeamManagementApp.Data.csproj", "{31A65C52-3C95-409C-BFE7-0A0FF0317C97}"
EndProject
Project("{2150E333-8FDC-42A3-9474-1A3956D46DE8}") = "Database", "Database", "{13CD6E02-C5AC-4AAD-A30D-286741E2C22C}"
EndProject
Global
	GlobalSection(SolutionConfigurationPlatforms) = preSolution
		Debug|Any CPU = Debug|Any CPU
		Debug|ARM = Debug|ARM
		Debug|ARM64 = Debug|ARM64
		Debug|x64 = Debug|x64
		Debug|x86 = Debug|x86
		Release|Any CPU = Release|Any CPU
		Release|ARM = Release|ARM
		Release|ARM64 = Release|ARM64
		Release|x64 = Release|x64
		Release|x86 = Release|x86
	EndGlobalSection
	GlobalSection(ProjectConfigurationPlatforms) = postSolution
		{AAEE38A3-B5CF-4CD7-9C1C-ABCB9C192C52}.Debug|Any CPU.ActiveCfg = Debug|x86
		{AAEE38A3-B5CF-4CD7-9C1C-ABCB9C192C52}.Debug|ARM.ActiveCfg = Debug|ARM
		{AAEE38A3-B5CF-4CD7-9C1C-ABCB9C192C52}.Debug|ARM.Build.0 = Debug|ARM
		{AAEE38A3-B5CF-4CD7-9C1C-ABCB9C192C52}.Debug|ARM.Deploy.0 = Debug|ARM
		{AAEE38A3-B5CF-4CD7-9C1C-ABCB9C192C52}.Debug|ARM64.ActiveCfg = Debug|ARM64
		{AAEE38A3-B5CF-4CD7-9C1C-ABCB9C192C52}.Debug|ARM64.Build.0 = Debug|ARM64
		{AAEE38A3-B5CF-4CD7-9C1C-ABCB9C192C52}.Debug|ARM64.Deploy.0 = Debug|ARM64
		{AAEE38A3-B5CF-4CD7-9C1C-ABCB9C192C52}.Debug|x64.ActiveCfg = Debug|x64
		{AAEE38A3-B5CF-4CD7-9C1C-ABCB9C192C52}.Debug|x64.Build.0 = Debug|x64
		{AAEE38A3-B5CF-4CD7-9C1C-ABCB9C192C52}.Debug|x64.Deploy.0 = Debug|x64
		{AAEE38A3-B5CF-4CD7-9C1C-ABCB9C192C52}.Debug|x86.ActiveCfg = Debug|x86
		{AAEE38A3-B5CF-4CD7-9C1C-ABCB9C192C52}.Debug|x86.Build.0 = Debug|x86
		{AAEE38A3-B5CF-4CD7-9C1C-ABCB9C192C52}.Debug|x86.Deploy.0 = Debug|x86
		{AAEE38A3-B5CF-4CD7-9C1C-ABCB9C192C52}.Release|Any CPU.ActiveCfg = Release|x86
		{AAEE38A3-B5CF-4CD7-9C1C-ABCB9C192C52}.Release|ARM.ActiveCfg = Release|ARM
		{AAEE38A3-B5CF-4CD7-9C1C-ABCB9C192C52}.Release|ARM.Build.0 = Release|ARM
		{AAEE38A3-B5CF-4CD7-9C1C-ABCB9C192C52}.Release|ARM.Deploy.0 = Release|ARM
		{AAEE38A3-B5CF-4CD7-9C1C-ABCB9C192C52}.Release|ARM64.ActiveCfg = Release|ARM64
		{AAEE38A3-B5CF-4CD7-9C1C-ABCB9C192C52}.Release|ARM64.Build.0 = Release|ARM64
		{AAEE38A3-B5CF-4CD7-9C1C-ABCB9C192C52}.Release|ARM64.Deploy.0 = Release|ARM64
		{AAEE38A3-B5CF-4CD7-9C1C-ABCB9C192C52}.Release|x64.ActiveCfg = Release|x64
		{AAEE38A3-B5CF-4CD7-9C1C-ABCB9C192C52}.Release|x64.Build.0 = Release|x64
		{AAEE38A3-B5CF-4CD7-9C1C-ABCB9C192C52}.Release|x64.Deploy.0 = Release|x64
		{AAEE38A3-B5CF-4CD7-9C1C-ABCB9C192C52}.Release|x86.ActiveCfg = Release|x86
		{AAEE38A3-B5CF-4CD7-9C1C-ABCB9C192C52}.Release|x86.Build.0 = Release|x86
		{AAEE38A3-B5CF-4CD7-9C1C-ABCB9C192C52}.Release|x86.Deploy.0 = Release|x86
		{31A65C52-3C95-409C-BFE7-0A0FF0317C97}.Debug|Any CPU.ActiveCfg = Debug|Any CPU
		{31A65C52-3C95-409C-BFE7-0A0FF0317C97}.Debug|Any CPU.Build.0 = Debug|Any CPU
		{31A65C52-3C95-409C-BFE7-0A0FF0317C97}.Debug|ARM.ActiveCfg = Debug|ARM
		{31A65C52-3C95-409C-BFE7-0A0FF0317C97}.Debug|ARM.Build.0 = Debug|ARM
		{31A65C52-3C95-409C-BFE7-0A0FF0317C97}.Debug|ARM64.ActiveCfg = Debug|ARM64
		{31A65C52-3C95-409C-BFE7-0A0FF0317C97}.Debug|ARM64.Build.0 = Debug|ARM64
		{31A65C52-3C95-409C-BFE7-0A0FF0317C97}.Debug|x64.ActiveCfg = Debug|x64
		{31A65C52-3C95-409C-BFE7-0A0FF0317C97}.Debug|x64.Build.0 = Debug|x64
		{31A65C52-3C95-409C-BFE7-0A0FF0317C97}.Debug|x86.ActiveCfg = Debug|x86
		{31A65C52-3C95-409C-BFE7-0A0FF0317C97}.Debug|x86.Build.0 = Debug|x86
		{31A65C52-3C95-409C-BFE7-0A0FF0317C97}.Release|Any CPU.ActiveCfg = Release|Any CPU
		{31A65C52-3C95-409C-BFE7-0A0FF0317C97}.Release|Any CPU.Build.0 = Release|Any CPU
		{31A65C52-3C95-409C-BFE7-0A0FF0317C97}.Release|ARM.ActiveCfg = Release|ARM
		{31A65C52-3C95-409C-BFE7-0A0FF0317C97}.Release|ARM.Build.0 = Release|ARM
		{31A65C52-3C95-409C-BFE7-0A0FF0317C97}.Release|ARM64.ActiveCfg = Release|ARM64
		{31A65C52-3C95-409C-BFE7-0A0FF0317C97}.Release|ARM64.Build.0 = Release|ARM64
		{31A65C52-3C95-409C-BFE7-0A0FF0317C97}.Release|x64.ActiveCfg = Release|x64
		{31A65C52-3C95-409C-BFE7-0A0FF0317C97}.Release|x64.Build.0 = Release|x64
		{31A65C52-3C95-409C-BFE7-0A0FF0317C97}.Release|x86.ActiveCfg = Release|x86
		{31A65C52-3C95-409C-BFE7-0A0FF0317C97}.Release|x86.Build.0 = Release|x86
	EndGlobalSection
	GlobalSection(SolutionProperties) = preSolution
		HideSolutionNode = FALSE
	EndGlobalSection
	GlobalSection(ExtensibilityGlobals) = postSolution
		SolutionGuid = {5EBA7FD8-C61C-4151-B547-7D1B0E98F3D9}
	EndGlobalSection
EndGlobal
